
Microsoft Visual Studio Solution File, Format Version 12.00
# Visual Studio Version 17
VisualStudioVersion = 17.7.34024.191
MinimumVisualStudioVersion = 10.0.40219.1
Project("{9A19103F-16F7-4668-BE54-9A1E7A4F7556}") = "AzureTestAssignment", "AzureTestAssignment\AzureTestAssignment.csproj", "{B78882B2-6EED-4E95-A197-76B03BCD4965}"
EndProject
Project("{FAE04EC0-301F-11D3-BF4B-00C04F79EFBC}") = "AzureTestFunctions", "AzureTestFunctions\AzureTestFunctions.csproj", "{5CD974C0-D26F-44B1-B7AA-710EE0B24DA7}"
EndProject
Global
	GlobalSection(SolutionConfigurationPlatforms) = preSolution
		Debug|Any CPU = Debug|Any CPU
		Release|Any CPU = Release|Any CPU
	EndGlobalSection
	GlobalSection(ProjectConfigurationPlatforms) = postSolution
		{B78882B2-6EED-4E95-A197-76B03BCD4965}.Debug|Any CPU.ActiveCfg = Debug|Any CPU
		{B78882B2-6EED-4E95-A197-76B03BCD4965}.Debug|Any CPU.Build.0 = Debug|Any CPU
		{B78882B2-6EED-4E95-A197-76B03BCD4965}.Release|Any CPU.ActiveCfg = Release|Any CPU
		{B78882B2-6EED-4E95-A197-76B03BCD4965}.Release|Any CPU.Build.0 = Release|Any CPU
		{5CD974C0-D26F-44B1-B7AA-710EE0B24DA7}.Debug|Any CPU.ActiveCfg = Debug|Any CPU
		{5CD974C0-D26F-44B1-B7AA-710EE0B24DA7}.Debug|Any CPU.Build.0 = Debug|Any CPU
		{5CD974C0-D26F-44B1-B7AA-710EE0B24DA7}.Release|Any CPU.ActiveCfg = Release|Any CPU
		{5CD974C0-D26F-44B1-B7AA-710EE0B24DA7}.Release|Any CPU.Build.0 = Release|Any CPU
	EndGlobalSection
	GlobalSection(SolutionProperties) = preSolution
		HideSolutionNode = FALSE
	EndGlobalSection
	GlobalSection(ExtensibilityGlobals) = postSolution
		SolutionGuid = {8CA5BD5A-4FDE-4D21-B0AC-EF705FEAC31A}
	EndGlobalSection
EndGlobal
